
Microsoft Visual Studio Solution File, Format Version 12.00
# Visual Studio Version 17
VisualStudioVersion = 17.5.002.0
MinimumVisualStudioVersion = 10.0.40219.1
Project("{9A19103F-16F7-4668-BE54-9A1E7A4F7556}") = "VA-EcommerceWebsite", "VA-EcommerceWebsite.csproj", "{5D5F2BE2-7CA5-4872-8141-46389F4ACBB6}"
EndProject
Global
	GlobalSection(SolutionConfigurationPlatforms) = preSolution
		Debug|Any CPU = Debug|Any CPU
		Release|Any CPU = Release|Any CPU
	EndGlobalSection
	GlobalSection(ProjectConfigurationPlatforms) = postSolution
		{5D5F2BE2-7CA5-4872-8141-46389F4ACBB6}.Debug|Any CPU.ActiveCfg = Debug|Any CPU
		{5D5F2BE2-7CA5-4872-8141-46389F4ACBB6}.Debug|Any CPU.Build.0 = Debug|Any CPU
		{5D5F2BE2-7CA5-4872-8141-46389F4ACBB6}.Release|Any CPU.ActiveCfg = Release|Any CPU
		{5D5F2BE2-7CA5-4872-8141-46389F4ACBB6}.Release|Any CPU.Build.0 = Release|Any CPU
	EndGlobalSection
	GlobalSection(SolutionProperties) = preSolution
		HideSolutionNode = FALSE
	EndGlobalSection
	GlobalSection(ExtensibilityGlobals) = postSolution
		SolutionGuid = {717D8B73-BE03-4888-A8BC-9FD9EBD8266A}
	EndGlobalSection
EndGlobal
